
Microsoft Visual Studio Solution File, Format Version 12.00
# Visual Studio Version 16
VisualStudioVersion = 16.0.30711.63
MinimumVisualStudioVersion = 10.0.40219.1
Project("{9A19103F-16F7-4668-BE54-9A1E7A4F7556}") = "OnlineShopping", "OnlineShopping\OnlineShopping.csproj", "{358C420B-6AE7-4599-8CE6-D1D0B0465BC4}"
EndProject
Global
	GlobalSection(SolutionConfigurationPlatforms) = preSolution
		Debug|Any CPU = Debug|Any CPU
		Release|Any CPU = Release|Any CPU
	EndGlobalSection
	GlobalSection(ProjectConfigurationPlatforms) = postSolution
		{358C420B-6AE7-4599-8CE6-D1D0B0465BC4}.Debug|Any CPU.ActiveCfg = Debug|Any CPU
		{358C420B-6AE7-4599-8CE6-D1D0B0465BC4}.Debug|Any CPU.Build.0 = Debug|Any CPU
		{358C420B-6AE7-4599-8CE6-D1D0B0465BC4}.Release|Any CPU.ActiveCfg = Release|Any CPU
		{358C420B-6AE7-4599-8CE6-D1D0B0465BC4}.Release|Any CPU.Build.0 = Release|Any CPU
	EndGlobalSection
	GlobalSection(SolutionProperties) = preSolution
		HideSolutionNode = FALSE
	EndGlobalSection
	GlobalSection(ExtensibilityGlobals) = postSolution
		SolutionGuid = {D7121F10-6628-4FF2-AB24-A03BAC8D9A10}
	EndGlobalSection
EndGlobal
